
Microsoft Visual Studio Solution File, Format Version 12.00
# Visual Studio Version 16
VisualStudioVersion = 16.0.30907.101
MinimumVisualStudioVersion = 10.0.40219.1
Project("{FAE04EC0-301F-11D3-BF4B-00C04F79EFBC}") = "LoadTester", "LoadTester\LoadTester.csproj", "{7C16A780-8E87-4607-AD1B-59D67F95D00C}"
EndProject
Project("{FAE04EC0-301F-11D3-BF4B-00C04F79EFBC}") = "LoadTest.Client", "LoadTest.Client\LoadTest.Client.csproj", "{AC447AF4-09A6-4C52-B241-8DC9E112F963}"
EndProject
Global
	GlobalSection(SolutionConfigurationPlatforms) = preSolution
		Debug|Any CPU = Debug|Any CPU
		Release|Any CPU = Release|Any CPU
	EndGlobalSection
	GlobalSection(ProjectConfigurationPlatforms) = postSolution
		{7C16A780-8E87-4607-AD1B-59D67F95D00C}.Debug|Any CPU.ActiveCfg = Debug|Any CPU
		{7C16A780-8E87-4607-AD1B-59D67F95D00C}.Debug|Any CPU.Build.0 = Debug|Any CPU
		{7C16A780-8E87-4607-AD1B-59D67F95D00C}.Release|Any CPU.ActiveCfg = Release|Any CPU
		{7C16A780-8E87-4607-AD1B-59D67F95D00C}.Release|Any CPU.Build.0 = Release|Any CPU
		{AC447AF4-09A6-4C52-B241-8DC9E112F963}.Debug|Any CPU.ActiveCfg = Debug|Any CPU
		{AC447AF4-09A6-4C52-B241-8DC9E112F963}.Debug|Any CPU.Build.0 = Debug|Any CPU
		{AC447AF4-09A6-4C52-B241-8DC9E112F963}.Release|Any CPU.ActiveCfg = Release|Any CPU
		{AC447AF4-09A6-4C52-B241-8DC9E112F963}.Release|Any CPU.Build.0 = Release|Any CPU
	EndGlobalSection
	GlobalSection(SolutionProperties) = preSolution
		HideSolutionNode = FALSE
	EndGlobalSection
	GlobalSection(ExtensibilityGlobals) = postSolution
		SolutionGuid = {F35CABF7-073F-4D13-9F7D-17C133573F73}
	EndGlobalSection
EndGlobal
